
Microsoft Visual Studio Solution File, Format Version 12.00
# Visual Studio Version 17
VisualStudioVersion = 17.2.32526.322
MinimumVisualStudioVersion = 10.0.40219.1
Project("{9A19103F-16F7-4668-BE54-9A1E7A4F7556}") = "TreinoAPI", "InfoSolutionsAPI\TreinoAPI.csproj", "{CFB65CFC-3942-458D-B602-EB2719CE086B}"
EndProject
Global
	GlobalSection(SolutionConfigurationPlatforms) = preSolution
		Debug|Any CPU = Debug|Any CPU
		Release|Any CPU = Release|Any CPU
	EndGlobalSection
	GlobalSection(ProjectConfigurationPlatforms) = postSolution
		{CFB65CFC-3942-458D-B602-EB2719CE086B}.Debug|Any CPU.ActiveCfg = Debug|Any CPU
		{CFB65CFC-3942-458D-B602-EB2719CE086B}.Debug|Any CPU.Build.0 = Debug|Any CPU
		{CFB65CFC-3942-458D-B602-EB2719CE086B}.Release|Any CPU.ActiveCfg = Release|Any CPU
		{CFB65CFC-3942-458D-B602-EB2719CE086B}.Release|Any CPU.Build.0 = Release|Any CPU
	EndGlobalSection
	GlobalSection(SolutionProperties) = preSolution
		HideSolutionNode = FALSE
	EndGlobalSection
	GlobalSection(ExtensibilityGlobals) = postSolution
		SolutionGuid = {EE173064-BB2E-4A32-B65D-F61A932EB5E8}
	EndGlobalSection
EndGlobal
